// !$*UTF8*$!
{
	archiveVersion = 1;
	classes = {
	};
	objectVersion = 45;
	objects = {

/* Begin PBXBuildFile section */
		1D60589B0D05DD56006BFB54 /* main.m in Sources */ = {isa = PBXBuildFile; fileRef = 29B97316FDCFA39411CA2CEA /* main.m */; };
		84033C71119A6B1700256693 /* Localizable.strings in Resources */ = {isa = PBXBuildFile; fileRef = 84033C6F119A6B1700256693 /* Localizable.strings */; };
		842CB1A910FC82F900281756 /* libz.1.2.3.dylib in Frameworks */ = {isa = PBXBuildFile; fileRef = 842CB1A810FC82F900281756 /* libz.1.2.3.dylib */; };
		8442D1E10FCE50EA00444609 /* Icon.png in Resources */ = {isa = PBXBuildFile; fileRef = 8442D1D80FCE50EA00444609 /* Icon.png */; };
		8442D1E40FCE50EA00444609 /* Default.png in Resources */ = {isa = PBXBuildFile; fileRef = 8442D1DB0FCE50EA00444609 /* Default.png */; };
		8442D1E60FCE50F400444609 /* NGConfig.plist in Resources */ = {isa = PBXBuildFile; fileRef = 8442D1E50FCE50F400444609 /* NGConfig.plist */; };
		8452AA1D120A1C5100FFC600 /* action@2x.png in Resources */ = {isa = PBXBuildFile; fileRef = 8452AA1C120A1C5100FFC600 /* action@2x.png */; };
		8452AA1F120A1C7300FFC600 /* arrow_down@2x.png in Resources */ = {isa = PBXBuildFile; fileRef = 8452AA1E120A1C7300FFC600 /* arrow_down@2x.png */; };
		8452AA4A120A230300FFC600 /* arrow_up@2x.png in Resources */ = {isa = PBXBuildFile; fileRef = 8452AA49120A230300FFC600 /* arrow_up@2x.png */; };
		8452AA4C120A242B00FFC600 /* NavBack@2x.png in Resources */ = {isa = PBXBuildFile; fileRef = 8452AA4B120A242B00FFC600 /* NavBack@2x.png */; };
		8452AA4E120A296400FFC600 /* Default@2x.png in Resources */ = {isa = PBXBuildFile; fileRef = 8452AA4D120A296400FFC600 /* Default@2x.png */; };
		8452AA6C120A2CCC00FFC600 /* Icon@2x.png in Resources */ = {isa = PBXBuildFile; fileRef = 8452AA6B120A2CCC00FFC600 /* Icon@2x.png */; };
		8452AA91120A330200FFC600 /* chevron-single-right@2x.png in Resources */ = {isa = PBXBuildFile; fileRef = 8452AA90120A330200FFC600 /* chevron-single-right@2x.png */; };
		845E529410830A7C003FABFB /* arrow_up.png in Resources */ = {isa = PBXBuildFile; fileRef = 845E529310830A7C003FABFB /* arrow_up.png */; };
		846A8C03106C844A00182AC8 /* libsqlite3.0.dylib in Frameworks */ = {isa = PBXBuildFile; fileRef = 846A8C02106C844A00182AC8 /* libsqlite3.0.dylib */; };
		846A8C07106C845300182AC8 /* libxml2.2.dylib in Frameworks */ = {isa = PBXBuildFile; fileRef = 846A8C06106C845300182AC8 /* libxml2.2.dylib */; };
		846A8C09106C845700182AC8 /* UIKit.framework in Frameworks */ = {isa = PBXBuildFile; fileRef = 846A8C08106C845700182AC8 /* UIKit.framework */; };
		846A8C0D106C845A00182AC8 /* Foundation.framework in Frameworks */ = {isa = PBXBuildFile; fileRef = 846A8C0C106C845A00182AC8 /* Foundation.framework */; };
		846A8C11106C845E00182AC8 /* SystemConfiguration.framework in Frameworks */ = {isa = PBXBuildFile; fileRef = 846A8C10106C845E00182AC8 /* SystemConfiguration.framework */; };
		846A8C15106C846100182AC8 /* Security.framework in Frameworks */ = {isa = PBXBuildFile; fileRef = 846A8C14106C846100182AC8 /* Security.framework */; };
		846A8C19106C846500182AC8 /* CoreGraphics.framework in Frameworks */ = {isa = PBXBuildFile; fileRef = 846A8C18106C846500182AC8 /* CoreGraphics.framework */; };
		846A8C1D106C846800182AC8 /* QuartzCore.framework in Frameworks */ = {isa = PBXBuildFile; fileRef = 846A8C1C106C846800182AC8 /* QuartzCore.framework */; };
		846A8C21106C846B00182AC8 /* MediaPlayer.framework in Frameworks */ = {isa = PBXBuildFile; fileRef = 846A8C20106C846B00182AC8 /* MediaPlayer.framework */; };
		846A8C25106C846E00182AC8 /* CoreLocation.framework in Frameworks */ = {isa = PBXBuildFile; fileRef = 846A8C24106C846E00182AC8 /* CoreLocation.framework */; };
		8486C7591082EA33005DB8F4 /* brentTemplate.html in Resources */ = {isa = PBXBuildFile; fileRef = 8486C7581082EA33005DB8F4 /* brentTemplate.html */; };
		848B2A480FCEF91C00F02384 /* dist.plist in Resources */ = {isa = PBXBuildFile; fileRef = 848B2A470FCEF91C00F02384 /* dist.plist */; };
		84C304D61082C1B7001A7D74 /* action.png in Resources */ = {isa = PBXBuildFile; fileRef = 84C304D51082C1B7001A7D74 /* action.png */; };
		84C304D81082C1BA001A7D74 /* arrow_down.png in Resources */ = {isa = PBXBuildFile; fileRef = 84C304D71082C1BA001A7D74 /* arrow_down.png */; };
		84C304DA1082C1BD001A7D74 /* arrow_left_small.png in Resources */ = {isa = PBXBuildFile; fileRef = 84C304D91082C1BD001A7D74 /* arrow_left_small.png */; };
		84C304DC1082C1C0001A7D74 /* arrow_right_small.png in Resources */ = {isa = PBXBuildFile; fileRef = 84C304DB1082C1C0001A7D74 /* arrow_right_small.png */; };
		84C304DE1082C1C3001A7D74 /* audio_indicator.png in Resources */ = {isa = PBXBuildFile; fileRef = 84C304DD1082C1C3001A7D74 /* audio_indicator.png */; };
		84C304E01082C1C7001A7D74 /* chevron_light.png in Resources */ = {isa = PBXBuildFile; fileRef = 84C304DF1082C1C7001A7D74 /* chevron_light.png */; };
		84C304E21082C1CA001A7D74 /* chevron-single-right.png in Resources */ = {isa = PBXBuildFile; fileRef = 84C304E11082C1CA001A7D74 /* chevron-single-right.png */; };
		84C304E41082C1D2001A7D74 /* NavBack.png in Resources */ = {isa = PBXBuildFile; fileRef = 84C304E31082C1D2001A7D74 /* NavBack.png */; };
		84C304E61082C1D5001A7D74 /* search.png in Resources */ = {isa = PBXBuildFile; fileRef = 84C304E51082C1D5001A7D74 /* search.png */; };
		84C304E81082C1D8001A7D74 /* tab_placeholder.png in Resources */ = {isa = PBXBuildFile; fileRef = 84C304E71082C1D8001A7D74 /* tab_placeholder.png */; };
		84C304EA1082C1DB001A7D74 /* video_indicator.png in Resources */ = {isa = PBXBuildFile; fileRef = 84C304E91082C1DB001A7D74 /* video_indicator.png */; };
		84C304EC1082C1DF001A7D74 /* video_tab.png in Resources */ = {isa = PBXBuildFile; fileRef = 84C304EB1082C1DF001A7D74 /* video_tab.png */; };
		84C3054D1082C367001A7D74 /* MessageUI.framework in Frameworks */ = {isa = PBXBuildFile; fileRef = 84C3054C1082C367001A7D74 /* MessageUI.framework */; };
		84CDCFE91082DED500660E62 /* TwitterTemplate.html in Resources */ = {isa = PBXBuildFile; fileRef = 84CDCFE81082DED500660E62 /* TwitterTemplate.html */; };
		8D69BE81135E888600821B67 /* libTapLynx_1.4.4.a in Frameworks */ = {isa = PBXBuildFile; fileRef = 8D69BE80135E888600821B67 /* libTapLynx_1.4.4.a */; };
/* End PBXBuildFile section */

/* Begin PBXFileReference section */
		1D6058910D05DD3D006BFB54 /* iPhoneApp.app */ = {isa = PBXFileReference; explicitFileType = wrapper.application; includeInIndex = 0; path = iPhoneApp.app; sourceTree = BUILT_PRODUCTS_DIR; };
		29B97316FDCFA39411CA2CEA /* main.m */ = {isa = PBXFileReference; fileEncoding = 4; lastKnownFileType = sourcecode.c.objc; path = main.m; sourceTree = "<group>"; };
		84033C70119A6B1700256693 /* English */ = {isa = PBXFileReference; fileEncoding = 2483028224; lastKnownFileType = text.plist.strings; name = English; path = English.lproj/Localizable.strings; sourceTree = "<group>"; };
		842CB1A810FC82F900281756 /* libz.1.2.3.dylib */ = {isa = PBXFileReference; lastKnownFileType = "compiled.mach-o.dylib"; name = libz.1.2.3.dylib; path = usr/lib/libz.1.2.3.dylib; sourceTree = SDKROOT; };
		8435FC8E0FCE84BA0000EC17 /* prefix.pch */ = {isa = PBXFileReference; fileEncoding = 4; lastKnownFileType = sourcecode.c.h; path = prefix.pch; sourceTree = "<group>"; };
		8442D1D80FCE50EA00444609 /* Icon.png */ = {isa = PBXFileReference; lastKnownFileType = image.png; name = Icon.png; path = Resources/Icon.png; sourceTree = "<group>"; };
		8442D1DB0FCE50EA00444609 /* Default.png */ = {isa = PBXFileReference; lastKnownFileType = image.png; name = Default.png; path = Resources/Default.png; sourceTree = "<group>"; };
		8442D1E50FCE50F400444609 /* NGConfig.plist */ = {isa = PBXFileReference; fileEncoding = 4; lastKnownFileType = text.plist.xml; path = NGConfig.plist; sourceTree = "<group>"; };
		8452AA1C120A1C5100FFC600 /* action@2x.png */ = {isa = PBXFileReference; lastKnownFileType = image.png; name = "action@2x.png"; path = "Resources/action@2x.png"; sourceTree = "<group>"; };
		8452AA1E120A1C7300FFC600 /* arrow_down@2x.png */ = {isa = PBXFileReference; lastKnownFileType = image.png; name = "arrow_down@2x.png"; path = "Resources/arrow_down@2x.png"; sourceTree = "<group>"; };
		8452AA49120A230300FFC600 /* arrow_up@2x.png */ = {isa = PBXFileReference; lastKnownFileType = image.png; name = "arrow_up@2x.png"; path = "Resources/arrow_up@2x.png"; sourceTree = "<group>"; };
		8452AA4B120A242B00FFC600 /* NavBack@2x.png */ = {isa = PBXFileReference; lastKnownFileType = image.png; name = "NavBack@2x.png"; path = "Resources/NavBack@2x.png"; sourceTree = "<group>"; };
		8452AA4D120A296400FFC600 /* Default@2x.png */ = {isa = PBXFileReference; lastKnownFileType = image.png; name = "Default@2x.png"; path = "Resources/Default@2x.png"; sourceTree = "<group>"; };
		8452AA6B120A2CCC00FFC600 /* Icon@2x.png */ = {isa = PBXFileReference; lastKnownFileType = image.png; name = "Icon@2x.png"; path = "Resources/Icon@2x.png"; sourceTree = "<group>"; };
		8452AA90120A330200FFC600 /* chevron-single-right@2x.png */ = {isa = PBXFileReference; lastKnownFileType = image.png; name = "chevron-single-right@2x.png"; path = "Resources/chevron-single-right@2x.png"; sourceTree = "<group>"; };
		845E529310830A7C003FABFB /* arrow_up.png */ = {isa = PBXFileReference; lastKnownFileType = image.png; name = arrow_up.png; path = Resources/arrow_up.png; sourceTree = "<group>"; };
		846A8C02106C844A00182AC8 /* libsqlite3.0.dylib */ = {isa = PBXFileReference; lastKnownFileType = "compiled.mach-o.dylib"; name = libsqlite3.0.dylib; path = usr/lib/libsqlite3.0.dylib; sourceTree = SDKROOT; };
		846A8C06106C845300182AC8 /* libxml2.2.dylib */ = {isa = PBXFileReference; lastKnownFileType = "compiled.mach-o.dylib"; name = libxml2.2.dylib; path = usr/lib/libxml2.2.dylib; sourceTree = SDKROOT; };
		846A8C08106C845700182AC8 /* UIKit.framework */ = {isa = PBXFileReference; lastKnownFileType = wrapper.framework; name = UIKit.framework; path = System/Library/Frameworks/UIKit.framework; sourceTree = SDKROOT; };
		846A8C0C106C845A00182AC8 /* Foundation.framework */ = {isa = PBXFileReference; lastKnownFileType = wrapper.framework; name = Foundation.framework; path = System/Library/Frameworks/Foundation.framework; sourceTree = SDKROOT; };
		846A8C10106C845E00182AC8 /* SystemConfiguration.framework */ = {isa = PBXFileReference; lastKnownFileType = wrapper.framework; name = SystemConfiguration.framework; path = System/Library/Frameworks/SystemConfiguration.framework; sourceTree = SDKROOT; };
		846A8C14106C846100182AC8 /* Security.framework */ = {isa = PBXFileReference; lastKnownFileType = wrapper.framework; name = Security.framework; path = System/Library/Frameworks/Security.framework; sourceTree = SDKROOT; };
		846A8C18106C846500182AC8 /* CoreGraphics.framework */ = {isa = PBXFileReference; lastKnownFileType = wrapper.framework; name = CoreGraphics.framework; path = System/Library/Frameworks/CoreGraphics.framework; sourceTree = SDKROOT; };
		846A8C1C106C846800182AC8 /* QuartzCore.framework */ = {isa = PBXFileReference; lastKnownFileType = wrapper.framework; name = QuartzCore.framework; path = System/Library/Frameworks/QuartzCore.framework; sourceTree = SDKROOT; };
		846A8C20106C846B00182AC8 /* MediaPlayer.framework */ = {isa = PBXFileReference; lastKnownFileType = wrapper.framework; name = MediaPlayer.framework; path = System/Library/Frameworks/MediaPlayer.framework; sourceTree = SDKROOT; };
		846A8C24106C846E00182AC8 /* CoreLocation.framework */ = {isa = PBXFileReference; lastKnownFileType = wrapper.framework; name = CoreLocation.framework; path = System/Library/Frameworks/CoreLocation.framework; sourceTree = SDKROOT; };
		8486C7581082EA33005DB8F4 /* brentTemplate.html */ = {isa = PBXFileReference; fileEncoding = 4; lastKnownFileType = text.html; name = brentTemplate.html; path = Resources/brentTemplate.html; sourceTree = "<group>"; };
		848B2A470FCEF91C00F02384 /* dist.plist */ = {isa = PBXFileReference; fileEncoding = 4; lastKnownFileType = text.plist.xml; path = dist.plist; sourceTree = "<group>"; };
		84C304D51082C1B7001A7D74 /* action.png */ = {isa = PBXFileReference; lastKnownFileType = image.png; name = action.png; path = Resources/action.png; sourceTree = "<group>"; };
		84C304D71082C1BA001A7D74 /* arrow_down.png */ = {isa = PBXFileReference; lastKnownFileType = image.png; name = arrow_down.png; path = Resources/arrow_down.png; sourceTree = "<group>"; };
		84C304D91082C1BD001A7D74 /* arrow_left_small.png */ = {isa = PBXFileReference; lastKnownFileType = image.png; name = arrow_left_small.png; path = Resources/arrow_left_small.png; sourceTree = "<group>"; };
		84C304DB1082C1C0001A7D74 /* arrow_right_small.png */ = {isa = PBXFileReference; lastKnownFileType = image.png; name = arrow_right_small.png; path = Resources/arrow_right_small.png; sourceTree = "<group>"; };
		84C304DD1082C1C3001A7D74 /* audio_indicator.png */ = {isa = PBXFileReference; lastKnownFileType = image.png; name = audio_indicator.png; path = Resources/audio_indicator.png; sourceTree = "<group>"; };
		84C304DF1082C1C7001A7D74 /* chevron_light.png */ = {isa = PBXFileReference; lastKnownFileType = image.png; name = chevron_light.png; path = Resources/chevron_light.png; sourceTree = "<group>"; };
		84C304E11082C1CA001A7D74 /* chevron-single-right.png */ = {isa = PBXFileReference; lastKnownFileType = image.png; name = "chevron-single-right.png"; path = "Resources/chevron-single-right.png"; sourceTree = "<group>"; };
		84C304E31082C1D2001A7D74 /* NavBack.png */ = {isa = PBXFileReference; lastKnownFileType = image.png; name = NavBack.png; path = Resources/NavBack.png; sourceTree = "<group>"; };
		84C304E51082C1D5001A7D74 /* search.png */ = {isa = PBXFileReference; lastKnownFileType = image.png; name = search.png; path = Resources/search.png; sourceTree = "<group>"; };
		84C304E71082C1D8001A7D74 /* tab_placeholder.png */ = {isa = PBXFileReference; lastKnownFileType = image.png; name = tab_placeholder.png; path = Resources/tab_placeholder.png; sourceTree = "<group>"; };
		84C304E91082C1DB001A7D74 /* video_indicator.png */ = {isa = PBXFileReference; lastKnownFileType = image.png; name = video_indicator.png; path = Resources/video_indicator.png; sourceTree = "<group>"; };
		84C304EB1082C1DF001A7D74 /* video_tab.png */ = {isa = PBXFileReference; lastKnownFileType = image.png; name = video_tab.png; path = Resources/video_tab.png; sourceTree = "<group>"; };
		84C3054C1082C367001A7D74 /* MessageUI.framework */ = {isa = PBXFileReference; lastKnownFileType = wrapper.framework; name = MessageUI.framework; path = System/Library/Frameworks/MessageUI.framework; sourceTree = SDKROOT; };
		84CDCFE81082DED500660E62 /* TwitterTemplate.html */ = {isa = PBXFileReference; fileEncoding = 4; lastKnownFileType = text.html; name = TwitterTemplate.html; path = Resources/TwitterTemplate.html; sourceTree = "<group>"; };
		8D1107310486CEB800E47090 /* Info.plist */ = {isa = PBXFileReference; fileEncoding = 4; lastKnownFileType = text.plist.xml; path = Info.plist; sourceTree = "<group>"; };
		8D69BE80135E888600821B67 /* libTapLynx_1.4.4.a */ = {isa = PBXFileReference; lastKnownFileType = archive.ar; name = libTapLynx_1.4.4.a; path = ../libTapLynx_1.4.4.a; sourceTree = SOURCE_ROOT; };
/* End PBXFileReference section */

/* Begin PBXFrameworksBuildPhase section */
		1D60588F0D05DD3D006BFB54 /* Frameworks */ = {
			isa = PBXFrameworksBuildPhase;
			buildActionMask = 2147483647;
			files = (
				846A8C03106C844A00182AC8 /* libsqlite3.0.dylib in Frameworks */,
				846A8C07106C845300182AC8 /* libxml2.2.dylib in Frameworks */,
				846A8C09106C845700182AC8 /* UIKit.framework in Frameworks */,
				846A8C0D106C845A00182AC8 /* Foundation.framework in Frameworks */,
				846A8C11106C845E00182AC8 /* SystemConfiguration.framework in Frameworks */,
				846A8C15106C846100182AC8 /* Security.framework in Frameworks */,
				846A8C19106C846500182AC8 /* CoreGraphics.framework in Frameworks */,
				846A8C1D106C846800182AC8 /* QuartzCore.framework in Frameworks */,
				846A8C21106C846B00182AC8 /* MediaPlayer.framework in Frameworks */,
				846A8C25106C846E00182AC8 /* CoreLocation.framework in Frameworks */,
				84C3054D1082C367001A7D74 /* MessageUI.framework in Frameworks */,
				842CB1A910FC82F900281756 /* libz.1.2.3.dylib in Frameworks */,
				8D69BE81135E888600821B67 /* libTapLynx_1.4.4.a in Frameworks */,
			);
			runOnlyForDeploymentPostprocessing = 0;
		};
/* End PBXFrameworksBuildPhase section */

/* Begin PBXGroup section */
		19C28FACFE9D520D11CA2CBB /* Products */ = {
			isa = PBXGroup;
			children = (
				1D6058910D05DD3D006BFB54 /* iPhoneApp.app */,
			);
			name = Products;
			sourceTree = "<group>";
		};
		29B97314FDCFA39411CA2CEA /* CustomTemplate */ = {
			isa = PBXGroup;
			children = (
				84695A36123B245E003D7236 /* Classes */,
				29B97315FDCFA39411CA2CEA /* Other Sources */,
				29B97317FDCFA39411CA2CEA /* Resources */,
				29B97323FDCFA39411CA2CEA /* Frameworks */,
				19C28FACFE9D520D11CA2CBB /* Products */,
			);
			name = CustomTemplate;
			sourceTree = "<group>";
		};
		29B97315FDCFA39411CA2CEA /* Other Sources */ = {
			isa = PBXGroup;
			children = (
				8435FC8E0FCE84BA0000EC17 /* prefix.pch */,
				29B97316FDCFA39411CA2CEA /* main.m */,
			);
			name = "Other Sources";
			sourceTree = "<group>";
		};
		29B97317FDCFA39411CA2CEA /* Resources */ = {
			isa = PBXGroup;
			children = (
				8D1107310486CEB800E47090 /* Info.plist */,
				8442D1E50FCE50F400444609 /* NGConfig.plist */,
				848B2A470FCEF91C00F02384 /* dist.plist */,
				84033C6F119A6B1700256693 /* Localizable.strings */,
				8486C7581082EA33005DB8F4 /* brentTemplate.html */,
				84CDCFE81082DED500660E62 /* TwitterTemplate.html */,
				841C1B680FCE6D73005F9121 /* Graphics */,
			);
			name = Resources;
			sourceTree = "<group>";
		};
		29B97323FDCFA39411CA2CEA /* Frameworks */ = {
			isa = PBXGroup;
			children = (
				8D69BE80135E888600821B67 /* libTapLynx_1.4.4.a */,
				846A8C02106C844A00182AC8 /* libsqlite3.0.dylib */,
				846A8C06106C845300182AC8 /* libxml2.2.dylib */,
				846A8C08106C845700182AC8 /* UIKit.framework */,
				846A8C0C106C845A00182AC8 /* Foundation.framework */,
				846A8C10106C845E00182AC8 /* SystemConfiguration.framework */,
				846A8C14106C846100182AC8 /* Security.framework */,
				846A8C18106C846500182AC8 /* CoreGraphics.framework */,
				846A8C1C106C846800182AC8 /* QuartzCore.framework */,
				846A8C20106C846B00182AC8 /* MediaPlayer.framework */,
				846A8C24106C846E00182AC8 /* CoreLocation.framework */,
				84C3054C1082C367001A7D74 /* MessageUI.framework */,
				842CB1A810FC82F900281756 /* libz.1.2.3.dylib */,
			);
			name = Frameworks;
			sourceTree = "<group>";
		};
		841C1B680FCE6D73005F9121 /* Graphics */ = {
			isa = PBXGroup;
			children = (
				84C304D51082C1B7001A7D74 /* action.png */,
				8452AA1C120A1C5100FFC600 /* action@2x.png */,
				84C304D71082C1BA001A7D74 /* arrow_down.png */,
				8452AA1E120A1C7300FFC600 /* arrow_down@2x.png */,
				84C304D91082C1BD001A7D74 /* arrow_left_small.png */,
				84C304DB1082C1C0001A7D74 /* arrow_right_small.png */,
				845E529310830A7C003FABFB /* arrow_up.png */,
				8452AA49120A230300FFC600 /* arrow_up@2x.png */,
				84C304DD1082C1C3001A7D74 /* audio_indicator.png */,
				84C304DF1082C1C7001A7D74 /* chevron_light.png */,
				84C304E11082C1CA001A7D74 /* chevron-single-right.png */,
				8452AA90120A330200FFC600 /* chevron-single-right@2x.png */,
				8442D1DB0FCE50EA00444609 /* Default.png */,
				8452AA4D120A296400FFC600 /* Default@2x.png */,
				8442D1D80FCE50EA00444609 /* Icon.png */,
				8452AA6B120A2CCC00FFC600 /* Icon@2x.png */,
				84C304E31082C1D2001A7D74 /* NavBack.png */,
				8452AA4B120A242B00FFC600 /* NavBack@2x.png */,
				84C304E51082C1D5001A7D74 /* search.png */,
				84C304E71082C1D8001A7D74 /* tab_placeholder.png */,
				84C304E91082C1DB001A7D74 /* video_indicator.png */,
				84C304EB1082C1DF001A7D74 /* video_tab.png */,
			);
			name = Graphics;
			sourceTree = "<group>";
		};
		84695A36123B245E003D7236 /* Classes */ = {
			isa = PBXGroup;
			children = (
			);
			name = Classes;
			sourceTree = "<group>";
		};
/* End PBXGroup section */

/* Begin PBXNativeTarget section */
		1D6058900D05DD3D006BFB54 /* iPhoneApp */ = {
			isa = PBXNativeTarget;
			buildConfigurationList = 1D6058960D05DD3E006BFB54 /* Build configuration list for PBXNativeTarget "iPhoneApp" */;
			buildPhases = (
				1D60588D0D05DD3D006BFB54 /* Resources */,
				1D60588E0D05DD3D006BFB54 /* Sources */,
				1D60588F0D05DD3D006BFB54 /* Frameworks */,
			);
			buildRules = (
			);
			dependencies = (
			);
			name = iPhoneApp;
			productName = BradFeld;
			productReference = 1D6058910D05DD3D006BFB54 /* iPhoneApp.app */;
			productType = "com.apple.product-type.application";
		};
/* End PBXNativeTarget section */

/* Begin PBXProject section */
		29B97313FDCFA39411CA2CEA /* Project object */ = {
			isa = PBXProject;
			buildConfigurationList = C01FCF4E08A954540054247B /* Build configuration list for PBXProject "iPhoneApp" */;
			compatibilityVersion = "Xcode 3.1";
			developmentRegion = English;
			hasScannedForEncodings = 1;
			knownRegions = (
				English,
				Japanese,
				French,
				German,
			);
			mainGroup = 29B97314FDCFA39411CA2CEA /* CustomTemplate */;
			projectDirPath = "";
			projectRoot = "";
			targets = (
				1D6058900D05DD3D006BFB54 /* iPhoneApp */,
			);
		};
/* End PBXProject section */

/* Begin PBXResourcesBuildPhase section */
		1D60588D0D05DD3D006BFB54 /* Resources */ = {
			isa = PBXResourcesBuildPhase;
			buildActionMask = 2147483647;
			files = (
				8442D1E10FCE50EA00444609 /* Icon.png in Resources */,
				8442D1E40FCE50EA00444609 /* Default.png in Resources */,
				8442D1E60FCE50F400444609 /* NGConfig.plist in Resources */,
				848B2A480FCEF91C00F02384 /* dist.plist in Resources */,
				84C304D61082C1B7001A7D74 /* action.png in Resources */,
				84C304D81082C1BA001A7D74 /* arrow_down.png in Resources */,
				84C304DA1082C1BD001A7D74 /* arrow_left_small.png in Resources */,
				84C304DC1082C1C0001A7D74 /* arrow_right_small.png in Resources */,
				84C304DE1082C1C3001A7D74 /* audio_indicator.png in Resources */,
				84C304E01082C1C7001A7D74 /* chevron_light.png in Resources */,
				84C304E21082C1CA001A7D74 /* chevron-single-right.png in Resources */,
				84C304E41082C1D2001A7D74 /* NavBack.png in Resources */,
				84C304E61082C1D5001A7D74 /* search.png in Resources */,
				84C304E81082C1D8001A7D74 /* tab_placeholder.png in Resources */,
				84C304EA1082C1DB001A7D74 /* video_indicator.png in Resources */,
				84C304EC1082C1DF001A7D74 /* video_tab.png in Resources */,
				84CDCFE91082DED500660E62 /* TwitterTemplate.html in Resources */,
				8486C7591082EA33005DB8F4 /* brentTemplate.html in Resources */,
				845E529410830A7C003FABFB /* arrow_up.png in Resources */,
				84033C71119A6B1700256693 /* Localizable.strings in Resources */,
				8452AA1D120A1C5100FFC600 /* action@2x.png in Resources */,
				8452AA1F120A1C7300FFC600 /* arrow_down@2x.png in Resources */,
				8452AA4A120A230300FFC600 /* arrow_up@2x.png in Resources */,
				8452AA4C120A242B00FFC600 /* NavBack@2x.png in Resources */,
				8452AA4E120A296400FFC600 /* Default@2x.png in Resources */,
				8452AA6C120A2CCC00FFC600 /* Icon@2x.png in Resources */,
				8452AA91120A330200FFC600 /* chevron-single-right@2x.png in Resources */,
			);
			runOnlyForDeploymentPostprocessing = 0;
		};
/* End PBXResourcesBuildPhase section */

/* Begin PBXSourcesBuildPhase section */
		1D60588E0D05DD3D006BFB54 /* Sources */ = {
			isa = PBXSourcesBuildPhase;
			buildActionMask = 2147483647;
			files = (
				1D60589B0D05DD56006BFB54 /* main.m in Sources */,
			);
			runOnlyForDeploymentPostprocessing = 0;
		};
/* End PBXSourcesBuildPhase section */

/* Begin PBXVariantGroup section */
		84033C6F119A6B1700256693 /* Localizable.strings */ = {
			isa = PBXVariantGroup;
			children = (
				84033C70119A6B1700256693 /* English */,
			);
			name = Localizable.strings;
			sourceTree = "<group>";
		};
/* End PBXVariantGroup section */

/* Begin XCBuildConfiguration section */
		1D6058940D05DD3E006BFB54 /* Debug */ = {
			isa = XCBuildConfiguration;
			buildSettings = {
				ALWAYS_SEARCH_USER_PATHS = NO;
				COPY_PHASE_STRIP = NO;
				GCC_DYNAMIC_NO_PIC = NO;
				GCC_OPTIMIZATION_LEVEL = 0;
				GCC_PRECOMPILE_PREFIX_HEADER = YES;
				GCC_PREFIX_HEADER = prefix.pch;
				INFOPLIST_FILE = Info.plist;
				LIBRARY_SEARCH_PATHS = (
					"$(inherited)",
					"\"$(SRCROOT)/Libraries\"",
					"\"$(SRCROOT)/..\"",
				);
				PRODUCT_NAME = iPhoneApp;
			};
			name = Debug;
		};
		1D6058950D05DD3E006BFB54 /* Release */ = {
			isa = XCBuildConfiguration;
			buildSettings = {
				ALWAYS_SEARCH_USER_PATHS = NO;
				COPY_PHASE_STRIP = YES;
				GCC_PRECOMPILE_PREFIX_HEADER = YES;
				GCC_PREFIX_HEADER = prefix.pch;
				INFOPLIST_FILE = Info.plist;
				LIBRARY_SEARCH_PATHS = (
					"$(inherited)",
					"\"$(SRCROOT)/Libraries\"",
					"\"$(SRCROOT)/..\"",
				);
				PRODUCT_NAME = iPhoneApp;
			};
			name = Release;
		};
		848B2A5F0FCEF99300F02384 /* Beta */ = {
			isa = XCBuildConfiguration;
			buildSettings = {
				ARCHS = "$(ARCHS_STANDARD_32_BIT)";
				CODE_SIGN_IDENTITY = "Don't Code Sign";
				"CODE_SIGN_IDENTITY[sdk=iphoneos*]" = "Don't Code Sign";
				GCC_C_LANGUAGE_STANDARD = c99;
				GCC_WARN_ABOUT_RETURN_TYPE = YES;
				GCC_WARN_UNUSED_VARIABLE = YES;
				IPHONEOS_DEPLOYMENT_TARGET = 3.0;
				OTHER_LDFLAGS = "-ObjC";
				PREBINDING = NO;
				PROVISIONING_PROFILE = "";
				"PROVISIONING_PROFILE[sdk=iphoneos*]" = "";
				SDKROOT = iphoneos4.2;
				SYMROOT = builds;
			};
			name = Beta;
		};
		848B2A600FCEF99300F02384 /* Beta */ = {
			isa = XCBuildConfiguration;
			buildSettings = {
				ALWAYS_SEARCH_USER_PATHS = NO;
				CODE_SIGN_ENTITLEMENTS = dist.plist;
				COPY_PHASE_STRIP = YES;
				GCC_PRECOMPILE_PREFIX_HEADER = YES;
				GCC_PREFIX_HEADER = prefix.pch;
				INFOPLIST_FILE = Info.plist;
				LIBRARY_SEARCH_PATHS = (
					"$(inherited)",
					"\"$(SRCROOT)/Libraries\"",
					"\"$(SRCROOT)/..\"",
				);
				PRODUCT_NAME = iPhoneApp;
			};
			name = Beta;
		};
		C01FCF4F08A954540054247B /* Debug */ = {
			isa = XCBuildConfiguration;
			buildSettings = {
				ARCHS = "$(ARCHS_STANDARD_32_BIT)";
				CODE_SIGN_IDENTITY = "Don't Code Sign";
				"CODE_SIGN_IDENTITY[sdk=iphoneos*]" = "Don't Code Sign";
				GCC_C_LANGUAGE_STANDARD = c99;
				GCC_WARN_ABOUT_RETURN_TYPE = YES;
				GCC_WARN_UNUSED_VARIABLE = YES;
				IPHONEOS_DEPLOYMENT_TARGET = 3.0;
				ONLY_ACTIVE_ARCH = YES;
				OTHER_LDFLAGS = "-ObjC";
				PREBINDING = NO;
				PROVISIONING_PROFILE = "";
				"PROVISIONING_PROFILE[sdk=iphoneos*]" = "";
				SDKROOT = iphoneos4.2;
				SYMROOT = builds;
			};
			name = Debug;
		};
		C01FCF5008A954540054247B /* Release */ = {
			isa = XCBuildConfiguration;
			buildSettings = {
				ARCHS = "$(ARCHS_STANDARD_32_BIT)";
				CODE_SIGN_IDENTITY = "Don't Code Sign";
				"CODE_SIGN_IDENTITY[sdk=iphoneos*]" = "Don't Code Sign";
				GCC_C_LANGUAGE_STANDARD = c99;
				GCC_WARN_ABOUT_RETURN_TYPE = YES;
				GCC_WARN_UNUSED_VARIABLE = YES;
				IPHONEOS_DEPLOYMENT_TARGET = 3.0;
				OTHER_LDFLAGS = "-ObjC";
				PREBINDING = NO;
				PROVISIONING_PROFILE = "";
				"PROVISIONING_PROFILE[sdk=iphoneos*]" = "";
				SDKROOT = iphoneos4.2;
				SYMROOT = builds;
			};
			name = Release;
		};
/* End XCBuildConfiguration section */

/* Begin XCConfigurationList section */
		1D6058960D05DD3E006BFB54 /* Build configuration list for PBXNativeTarget "iPhoneApp" */ = {
			isa = XCConfigurationList;
			buildConfigurations = (
				1D6058940D05DD3E006BFB54 /* Debug */,
				1D6058950D05DD3E006BFB54 /* Release */,
				848B2A600FCEF99300F02384 /* Beta */,
			);
			defaultConfigurationIsVisible = 0;
			defaultConfigurationName = Release;
		};
		C01FCF4E08A954540054247B /* Build configuration list for PBXProject "iPhoneApp" */ = {
			isa = XCConfigurationList;
			buildConfigurations = (
				C01FCF4F08A954540054247B /* Debug */,
				C01FCF5008A954540054247B /* Release */,
				848B2A5F0FCEF99300F02384 /* Beta */,
			);
			defaultConfigurationIsVisible = 0;
			defaultConfigurationName = Release;
		};
/* End XCConfigurationList section */
	};
	rootObject = 29B97313FDCFA39411CA2CEA /* Project object */;
}
